// !$*UTF8*$!
{
	archiveVersion = 1;
	classes = {
	};
	objectVersion = 46;
	objects = {

/* Begin PBXBuildFile section */
		5213495B16E216E80084AD76 /* OCMock.framework in Frameworks */ = {isa = PBXBuildFile; fileRef = 5213495A16E216E80084AD76 /* OCMock.framework */; };
		5219FD28171B6B89000DDB31 /* libgmock_main.a in Frameworks */ = {isa = PBXBuildFile; fileRef = 5219FD26171B6B89000DDB31 /* libgmock_main.a */; };
		5219FD29171B6B89000DDB31 /* libgmock.a in Frameworks */ = {isa = PBXBuildFile; fileRef = 5219FD27171B6B89000DDB31 /* libgmock.a */; };
		5219FD2C171B6BAA000DDB31 /* libgtest_main.a in Frameworks */ = {isa = PBXBuildFile; fileRef = 5219FD2A171B6BAA000DDB31 /* libgtest_main.a */; };
		5219FD2D171B6BAA000DDB31 /* libgtest.a in Frameworks */ = {isa = PBXBuildFile; fileRef = 5219FD2B171B6BAA000DDB31 /* libgtest.a */; };
		5219FD32171B6C00000DDB31 /* libgtest_main.0.dylib in Frameworks */ = {isa = PBXBuildFile; fileRef = 5219FD2E171B6C00000DDB31 /* libgtest_main.0.dylib */; };
		5219FD33171B6C00000DDB31 /* libgtest_main.dylib in Frameworks */ = {isa = PBXBuildFile; fileRef = 5219FD2F171B6C00000DDB31 /* libgtest_main.dylib */; };
		5219FD34171B6C00000DDB31 /* libgtest.0.dylib in Frameworks */ = {isa = PBXBuildFile; fileRef = 5219FD30171B6C00000DDB31 /* libgtest.0.dylib */; };
		5219FD35171B6C00000DDB31 /* libgtest.dylib in Frameworks */ = {isa = PBXBuildFile; fileRef = 5219FD31171B6C00000DDB31 /* libgtest.dylib */; };
		5219FD3A171B6C26000DDB31 /* libgmock_main.0.dylib in Frameworks */ = {isa = PBXBuildFile; fileRef = 5219FD36171B6C26000DDB31 /* libgmock_main.0.dylib */; };
		5219FD3B171B6C26000DDB31 /* libgmock_main.dylib in Frameworks */ = {isa = PBXBuildFile; fileRef = 5219FD37171B6C26000DDB31 /* libgmock_main.dylib */; };
		5219FD3C171B6C26000DDB31 /* libgmock.0.dylib in Frameworks */ = {isa = PBXBuildFile; fileRef = 5219FD38171B6C26000DDB31 /* libgmock.0.dylib */; };
		5219FD3D171B6C26000DDB31 /* libgmock.dylib in Frameworks */ = {isa = PBXBuildFile; fileRef = 5219FD39171B6C26000DDB31 /* libgmock.dylib */; };
		5219FD3E171B6C38000DDB31 /* libgmock_main.0.dylib in CopyFiles */ = {isa = PBXBuildFile; fileRef = 5219FD36171B6C26000DDB31 /* libgmock_main.0.dylib */; };
		5219FD3F171B6C39000DDB31 /* libgmock_main.dylib in CopyFiles */ = {isa = PBXBuildFile; fileRef = 5219FD37171B6C26000DDB31 /* libgmock_main.dylib */; };
		5219FD40171B6C3C000DDB31 /* libgmock.0.dylib in CopyFiles */ = {isa = PBXBuildFile; fileRef = 5219FD38171B6C26000DDB31 /* libgmock.0.dylib */; };
		5219FD41171B6C45000DDB31 /* libgmock.dylib in CopyFiles */ = {isa = PBXBuildFile; fileRef = 5219FD39171B6C26000DDB31 /* libgmock.dylib */; };
		5219FD42171B6C48000DDB31 /* libgtest_main.0.dylib in CopyFiles */ = {isa = PBXBuildFile; fileRef = 5219FD2E171B6C00000DDB31 /* libgtest_main.0.dylib */; };
		5219FD43171B6C4B000DDB31 /* libgtest_main.dylib in CopyFiles */ = {isa = PBXBuildFile; fileRef = 5219FD2F171B6C00000DDB31 /* libgtest_main.dylib */; };
		5219FD44171B6C4F000DDB31 /* libgtest.0.dylib in CopyFiles */ = {isa = PBXBuildFile; fileRef = 5219FD30171B6C00000DDB31 /* libgtest.0.dylib */; };
		5219FD45171B6C51000DDB31 /* libgtest.dylib in CopyFiles */ = {isa = PBXBuildFile; fileRef = 5219FD31171B6C00000DDB31 /* libgtest.dylib */; };
		5219FD49171B6EE7000DDB31 /* GmockInitializer.cpp in Sources */ = {isa = PBXBuildFile; fileRef = 5219FD47171B6EE7000DDB31 /* GmockInitializer.cpp */; };
		5231DB2B16DABD97007CDB63 /* JCErrorTest.mm in Sources */ = {isa = PBXBuildFile; fileRef = 5231DB2A16DABD97007CDB63 /* JCErrorTest.mm */; };
		5231DB2F16DABFB4007CDB63 /* JCError.m in Sources */ = {isa = PBXBuildFile; fileRef = 5231DB2E16DABFB4007CDB63 /* JCError.m */; };
		5231DB3016DAC021007CDB63 /* JCError.m in Sources */ = {isa = PBXBuildFile; fileRef = 5231DB2E16DABFB4007CDB63 /* JCError.m */; };
		5231DB3316DAC096007CDB63 /* JCConversionUtilsTest.mm in Sources */ = {isa = PBXBuildFile; fileRef = 5231DB3216DAC096007CDB63 /* JCConversionUtilsTest.mm */; };
		5231DB3616DACDE6007CDB63 /* NilFileSystemTest.mm in Sources */ = {isa = PBXBuildFile; fileRef = 5231DB3516DACDE6007CDB63 /* NilFileSystemTest.mm */; };
		5231DB3916DAD17A007CDB63 /* JCAppDelegate.mm in Sources */ = {isa = PBXBuildFile; fileRef = 5231DB3816DAD17A007CDB63 /* JCAppDelegate.mm */; };
		5231DB3A16DAD184007CDB63 /* JCAppDelegate.mm in Sources */ = {isa = PBXBuildFile; fileRef = 5231DB3816DAD17A007CDB63 /* JCAppDelegate.mm */; };
		5231DB3D16DAD1E6007CDB63 /* MainMenu.xib in Resources */ = {isa = PBXBuildFile; fileRef = 5231DB3B16DAD1E5007CDB63 /* MainMenu.xib */; };
		5231DB3F16DADA84007CDB63 /* README in Resources */ = {isa = PBXBuildFile; fileRef = 5231DB3E16DADA83007CDB63 /* README */; };
		52BA28C216D94C1A006DAC61 /* SenTestingKit.framework in Frameworks */ = {isa = PBXBuildFile; fileRef = 52F396EC168E5A5700E2BE13 /* SenTestingKit.framework */; };
		52BA28C316D94C1A006DAC61 /* Cocoa.framework in Frameworks */ = {isa = PBXBuildFile; fileRef = 52F396CE168E5A5600E2BE13 /* Cocoa.framework */; };
		52BA28C916D94C1A006DAC61 /* InfoPlist.strings in Resources */ = {isa = PBXBuildFile; fileRef = 52BA28C716D94C1A006DAC61 /* InfoPlist.strings */; };
		52BA28EF16D95115006DAC61 /* FileSystem.cpp in Sources */ = {isa = PBXBuildFile; fileRef = 52BA28E116D95115006DAC61 /* FileSystem.cpp */; };
		52BA28F016D95115006DAC61 /* IFileSystem.cpp in Sources */ = {isa = PBXBuildFile; fileRef = 52BA28E316D95115006DAC61 /* IFileSystem.cpp */; };
		52BA28F316D95115006DAC61 /* JVCDiskImage.cpp in Sources */ = {isa = PBXBuildFile; fileRef = 52BA28E916D95115006DAC61 /* JVCDiskImage.cpp */; };
		52BA28F416D95115006DAC61 /* NilFileSystem.cpp in Sources */ = {isa = PBXBuildFile; fileRef = 52BA28EB16D95115006DAC61 /* NilFileSystem.cpp */; };
		52BA28F516D95115006DAC61 /* RsDosFileSystem.cpp in Sources */ = {isa = PBXBuildFile; fileRef = 52BA28ED16D95115006DAC61 /* RsDosFileSystem.cpp */; };
		52BA28FB16D9512F006DAC61 /* JCFileSystemDelegate.mm in Sources */ = {isa = PBXBuildFile; fileRef = 52BA28FA16D9512F006DAC61 /* JCFileSystemDelegate.mm */; };
		52BA290216D95142006DAC61 /* ExceptionTest.mm in Sources */ = {isa = PBXBuildFile; fileRef = 52BA290016D95142006DAC61 /* ExceptionTest.mm */; };
		52BA290516D951A2006DAC61 /* FileSystem.cpp in Sources */ = {isa = PBXBuildFile; fileRef = 52BA28E116D95115006DAC61 /* FileSystem.cpp */; };
		52BA290716D951A2006DAC61 /* IFileSystem.cpp in Sources */ = {isa = PBXBuildFile; fileRef = 52BA28E316D95115006DAC61 /* IFileSystem.cpp */; };
		52BA290D16D951A2006DAC61 /* JVCDiskImage.cpp in Sources */ = {isa = PBXBuildFile; fileRef = 52BA28E916D95115006DAC61 /* JVCDiskImage.cpp */; };
		52BA290F16D951A2006DAC61 /* NilFileSystem.cpp in Sources */ = {isa = PBXBuildFile; fileRef = 52BA28EB16D95115006DAC61 /* NilFileSystem.cpp */; };
		52BA291116D951A2006DAC61 /* RsDosFileSystem.cpp in Sources */ = {isa = PBXBuildFile; fileRef = 52BA28ED16D95115006DAC61 /* RsDosFileSystem.cpp */; };
		52BA292016D95506006DAC61 /* OSXFUSE.framework in Frameworks */ = {isa = PBXBuildFile; fileRef = 52BA291F16D95506006DAC61 /* OSXFUSE.framework */; };
		52BA292116D95506006DAC61 /* OSXFUSE.framework in Frameworks */ = {isa = PBXBuildFile; fileRef = 52BA291F16D95506006DAC61 /* OSXFUSE.framework */; };
		52BA292216D95609006DAC61 /* JCFileSystemDelegate.mm in Sources */ = {isa = PBXBuildFile; fileRef = 52BA28FA16D9512F006DAC61 /* JCFileSystemDelegate.mm */; };
		52C7FE1D171DFD890027B454 /* Breakout.dsk in Resources */ = {isa = PBXBuildFile; fileRef = 52C7FE1B171DFD890027B454 /* Breakout.dsk */; };
		52C7FE1E171DFD890027B454 /* SGU5.dsk in Resources */ = {isa = PBXBuildFile; fileRef = 52C7FE1C171DFD890027B454 /* SGU5.dsk */; };
		52EEF19B17122D8400FA8099 /* JCFileSystemDelegateTest.mm in Sources */ = {isa = PBXBuildFile; fileRef = 52A5852216DB8A79006E7380 /* JCFileSystemDelegateTest.mm */; };
		52EEF1A1171238AB00FA8099 /* AppKit.framework in Frameworks */ = {isa = PBXBuildFile; fileRef = 52F396D1168E5A5600E2BE13 /* AppKit.framework */; };
		52EEF1A2171238B300FA8099 /* Foundation.framework in Frameworks */ = {isa = PBXBuildFile; fileRef = 52F396D3168E5A5600E2BE13 /* Foundation.framework */; };
		52EEF1A7171238F500FA8099 /* AppKit.framework in Frameworks */ = {isa = PBXBuildFile; fileRef = 52F396D1168E5A5600E2BE13 /* AppKit.framework */; };
		52EEF1A8171238F800FA8099 /* Foundation.framework in Frameworks */ = {isa = PBXBuildFile; fileRef = 52F396D3168E5A5600E2BE13 /* Foundation.framework */; };
		52EEF1B11712426D00FA8099 /* OCMock.framework in CopyFiles */ = {isa = PBXBuildFile; fileRef = 5213495A16E216E80084AD76 /* OCMock.framework */; };
		52F396CF168E5A5600E2BE13 /* Cocoa.framework in Frameworks */ = {isa = PBXBuildFile; fileRef = 52F396CE168E5A5600E2BE13 /* Cocoa.framework */; };
		52F396D9168E5A5700E2BE13 /* InfoPlist.strings in Resources */ = {isa = PBXBuildFile; fileRef = 52F396D7168E5A5700E2BE13 /* InfoPlist.strings */; };
		52F396DB168E5A5700E2BE13 /* main.m in Sources */ = {isa = PBXBuildFile; fileRef = 52F396DA168E5A5700E2BE13 /* main.m */; };
		52F396DF168E5A5700E2BE13 /* Credits.rtf in Resources */ = {isa = PBXBuildFile; fileRef = 52F396DD168E5A5700E2BE13 /* Credits.rtf */; };
/* End PBXBuildFile section */

/* Begin PBXCopyFilesBuildPhase section */
		52EEF1B01712425E00FA8099 /* CopyFiles */ = {
			isa = PBXCopyFilesBuildPhase;
			buildActionMask = 2147483647;
			dstPath = "";
			dstSubfolderSpec = 16;
			files = (
				5219FD45171B6C51000DDB31 /* libgtest.dylib in CopyFiles */,
				5219FD42171B6C48000DDB31 /* libgtest_main.0.dylib in CopyFiles */,
				52EEF1B11712426D00FA8099 /* OCMock.framework in CopyFiles */,
				5219FD3E171B6C38000DDB31 /* libgmock_main.0.dylib in CopyFiles */,
				5219FD3F171B6C39000DDB31 /* libgmock_main.dylib in CopyFiles */,
				5219FD40171B6C3C000DDB31 /* libgmock.0.dylib in CopyFiles */,
				5219FD41171B6C45000DDB31 /* libgmock.dylib in CopyFiles */,
				5219FD43171B6C4B000DDB31 /* libgtest_main.dylib in CopyFiles */,
				5219FD44171B6C4F000DDB31 /* libgtest.0.dylib in CopyFiles */,
			);
			runOnlyForDeploymentPostprocessing = 0;
		};
/* End PBXCopyFilesBuildPhase section */

/* Begin PBXFileReference section */
		5213495A16E216E80084AD76 /* OCMock.framework */ = {isa = PBXFileReference; lastKnownFileType = wrapper.framework; path = OCMock.framework; sourceTree = "<group>"; };
		5219FD26171B6B89000DDB31 /* libgmock_main.a */ = {isa = PBXFileReference; lastKnownFileType = archive.ar; name = libgmock_main.a; path = gmock/lib/.libs/libgmock_main.a; sourceTree = "<group>"; };
		5219FD27171B6B89000DDB31 /* libgmock.a */ = {isa = PBXFileReference; lastKnownFileType = archive.ar; name = libgmock.a; path = gmock/lib/.libs/libgmock.a; sourceTree = "<group>"; };
		5219FD2A171B6BAA000DDB31 /* libgtest_main.a */ = {isa = PBXFileReference; lastKnownFileType = archive.ar; name = libgtest_main.a; path = gmock/gtest/lib/.libs/libgtest_main.a; sourceTree = "<group>"; };
		5219FD2B171B6BAA000DDB31 /* libgtest.a */ = {isa = PBXFileReference; lastKnownFileType = archive.ar; name = libgtest.a; path = gmock/gtest/lib/.libs/libgtest.a; sourceTree = "<group>"; };
		5219FD2E171B6C00000DDB31 /* libgtest_main.0.dylib */ = {isa = PBXFileReference; lastKnownFileType = "compiled.mach-o.dylib"; name = libgtest_main.0.dylib; path = gmock/gtest/lib/.libs/libgtest_main.0.dylib; sourceTree = "<group>"; };
		5219FD2F171B6C00000DDB31 /* libgtest_main.dylib */ = {isa = PBXFileReference; lastKnownFileType = "compiled.mach-o.dylib"; name = libgtest_main.dylib; path = gmock/gtest/lib/.libs/libgtest_main.dylib; sourceTree = "<group>"; };
		5219FD30171B6C00000DDB31 /* libgtest.0.dylib */ = {isa = PBXFileReference; lastKnownFileType = "compiled.mach-o.dylib"; name = libgtest.0.dylib; path = gmock/gtest/lib/.libs/libgtest.0.dylib; sourceTree = "<group>"; };
		5219FD31171B6C00000DDB31 /* libgtest.dylib */ = {isa = PBXFileReference; lastKnownFileType = "compiled.mach-o.dylib"; name = libgtest.dylib; path = gmock/gtest/lib/.libs/libgtest.dylib; sourceTree = "<group>"; };
		5219FD36171B6C26000DDB31 /* libgmock_main.0.dylib */ = {isa = PBXFileReference; lastKnownFileType = "compiled.mach-o.dylib"; name = libgmock_main.0.dylib; path = gmock/lib/.libs/libgmock_main.0.dylib; sourceTree = "<group>"; };
		5219FD37171B6C26000DDB31 /* libgmock_main.dylib */ = {isa = PBXFileReference; lastKnownFileType = "compiled.mach-o.dylib"; name = libgmock_main.dylib; path = gmock/lib/.libs/libgmock_main.dylib; sourceTree = "<group>"; };
		5219FD38171B6C26000DDB31 /* libgmock.0.dylib */ = {isa = PBXFileReference; lastKnownFileType = "compiled.mach-o.dylib"; name = libgmock.0.dylib; path = gmock/lib/.libs/libgmock.0.dylib; sourceTree = "<group>"; };
		5219FD39171B6C26000DDB31 /* libgmock.dylib */ = {isa = PBXFileReference; lastKnownFileType = "compiled.mach-o.dylib"; name = libgmock.dylib; path = gmock/lib/.libs/libgmock.dylib; sourceTree = "<group>"; };
		5219FD47171B6EE7000DDB31 /* GmockInitializer.cpp */ = {isa = PBXFileReference; fileEncoding = 4; lastKnownFileType = sourcecode.cpp.cpp; name = GmockInitializer.cpp; path = Helpers/GmockInitializer.cpp; sourceTree = "<group>"; };
		5219FD48171B6EE7000DDB31 /* GmockInitializer.h */ = {isa = PBXFileReference; fileEncoding = 4; lastKnownFileType = sourcecode.c.h; name = GmockInitializer.h; path = Helpers/GmockInitializer.h; sourceTree = "<group>"; };
		5231DB2916DABD97007CDB63 /* JCErrorTest.h */ = {isa = PBXFileReference; fileEncoding = 4; lastKnownFileType = sourcecode.c.h; name = JCErrorTest.h; path = Delegate/JCErrorTest.h; sourceTree = "<group>"; };
		5231DB2A16DABD97007CDB63 /* JCErrorTest.mm */ = {isa = PBXFileReference; fileEncoding = 4; lastKnownFileType = sourcecode.cpp.objcpp; name = JCErrorTest.mm; path = Delegate/JCErrorTest.mm; sourceTree = "<group>"; };
		5231DB2D16DABFB4007CDB63 /* JCError.h */ = {isa = PBXFileReference; fileEncoding = 4; lastKnownFileType = sourcecode.c.h; path = JCError.h; sourceTree = "<group>"; };
		5231DB2E16DABFB4007CDB63 /* JCError.m */ = {isa = PBXFileReference; fileEncoding = 4; lastKnownFileType = sourcecode.c.objc; path = JCError.m; sourceTree = "<group>"; };
		5231DB3116DAC096007CDB63 /* JCConversionUtilsTest.h */ = {isa = PBXFileReference; fileEncoding = 4; lastKnownFileType = sourcecode.c.h; name = JCConversionUtilsTest.h; path = Delegate/JCConversionUtilsTest.h; sourceTree = "<group>"; };
		5231DB3216DAC096007CDB63 /* JCConversionUtilsTest.mm */ = {isa = PBXFileReference; fileEncoding = 4; lastKnownFileType = sourcecode.cpp.objcpp; name = JCConversionUtilsTest.mm; path = Delegate/JCConversionUtilsTest.mm; sourceTree = "<group>"; };
		5231DB3416DACDE6007CDB63 /* NilFileSystemTest.h */ = {isa = PBXFileReference; fileEncoding = 4; lastKnownFileType = sourcecode.c.h; path = NilFileSystemTest.h; sourceTree = "<group>"; };
		5231DB3516DACDE6007CDB63 /* NilFileSystemTest.mm */ = {isa = PBXFileReference; fileEncoding = 4; lastKnownFileType = sourcecode.cpp.objcpp; path = NilFileSystemTest.mm; sourceTree = "<group>"; };
		5231DB3716DAD17A007CDB63 /* JCAppDelegate.h */ = {isa = PBXFileReference; fileEncoding = 4; lastKnownFileType = sourcecode.c.h; path = JCAppDelegate.h; sourceTree = "<group>"; };
		5231DB3816DAD17A007CDB63 /* JCAppDelegate.mm */ = {isa = PBXFileReference; fileEncoding = 4; lastKnownFileType = sourcecode.cpp.objcpp; path = JCAppDelegate.mm; sourceTree = "<group>"; };
		5231DB3C16DAD1E6007CDB63 /* en */ = {isa = PBXFileReference; lastKnownFileType = file.xib; name = en; path = en.lproj/MainMenu.xib; sourceTree = "<group>"; };
		5231DB3E16DADA83007CDB63 /* README */ = {isa = PBXFileReference; fileEncoding = 4; lastKnownFileType = text; path = README; sourceTree = "<group>"; };
		52A5852116DB8A79006E7380 /* JCFileSystemDelegateTest.h */ = {isa = PBXFileReference; fileEncoding = 4; lastKnownFileType = sourcecode.c.h; name = JCFileSystemDelegateTest.h; path = Delegate/JCFileSystemDelegateTest.h; sourceTree = "<group>"; };
		52A5852216DB8A79006E7380 /* JCFileSystemDelegateTest.mm */ = {isa = PBXFileReference; fileEncoding = 4; lastKnownFileType = sourcecode.cpp.objcpp; name = JCFileSystemDelegateTest.mm; path = Delegate/JCFileSystemDelegateTest.mm; sourceTree = "<group>"; };
		52BA28C116D94C1A006DAC61 /* CoCoDiskMounterTest.octest */ = {isa = PBXFileReference; explicitFileType = wrapper.cfbundle; includeInIndex = 0; path = CoCoDiskMounterTest.octest; sourceTree = BUILT_PRODUCTS_DIR; };
		52BA28C616D94C1A006DAC61 /* CoCo Disk Mounter Test-Info.plist */ = {isa = PBXFileReference; lastKnownFileType = text.plist.xml; path = "CoCo Disk Mounter Test-Info.plist"; sourceTree = "<group>"; };
		52BA28C816D94C1A006DAC61 /* en */ = {isa = PBXFileReference; lastKnownFileType = text.plist.strings; name = en; path = en.lproj/InfoPlist.strings; sourceTree = "<group>"; };
		52BA28CD16D94C1A006DAC61 /* CoCo Disk Mounter Test-Prefix.pch */ = {isa = PBXFileReference; lastKnownFileType = sourcecode.c.h; path = "CoCo Disk Mounter Test-Prefix.pch"; sourceTree = "<group>"; };
		52BA28DF16D95115006DAC61 /* DiskImage.h */ = {isa = PBXFileReference; fileEncoding = 4; lastKnownFileType = sourcecode.c.h; path = DiskImage.h; sourceTree = "<group>"; };
		52BA28E016D95115006DAC61 /* Exception.h */ = {isa = PBXFileReference; fileEncoding = 4; lastKnownFileType = sourcecode.c.h; path = Exception.h; sourceTree = "<group>"; };
		52BA28E116D95115006DAC61 /* FileSystem.cpp */ = {isa = PBXFileReference; fileEncoding = 4; lastKnownFileType = sourcecode.cpp.cpp; path = FileSystem.cpp; sourceTree = "<group>"; };
		52BA28E216D95115006DAC61 /* FileSystem.h */ = {isa = PBXFileReference; fileEncoding = 4; lastKnownFileType = sourcecode.c.h; path = FileSystem.h; sourceTree = "<group>"; };
		52BA28E316D95115006DAC61 /* IFileSystem.cpp */ = {isa = PBXFileReference; fileEncoding = 4; lastKnownFileType = sourcecode.cpp.cpp; path = IFileSystem.cpp; sourceTree = "<group>"; };
		52BA28E416D95115006DAC61 /* IFileSystem.h */ = {isa = PBXFileReference; fileEncoding = 4; lastKnownFileType = sourcecode.c.h; path = IFileSystem.h; sourceTree = "<group>"; };
		52BA28E916D95115006DAC61 /* JVCDiskImage.cpp */ = {isa = PBXFileReference; fileEncoding = 4; lastKnownFileType = sourcecode.cpp.cpp; path = JVCDiskImage.cpp; sourceTree = "<group>"; };
		52BA28EA16D95115006DAC61 /* JVCDiskImage.h */ = {isa = PBXFileReference; fileEncoding = 4; lastKnownFileType = sourcecode.c.h; path = JVCDiskImage.h; sourceTree = "<group>"; };
		52BA28EB16D95115006DAC61 /* NilFileSystem.cpp */ = {isa = PBXFileReference; fileEncoding = 4; lastKnownFileType = sourcecode.cpp.cpp; path = NilFileSystem.cpp; sourceTree = "<group>"; };
		52BA28EC16D95115006DAC61 /* NilFileSystem.h */ = {isa = PBXFileReference; fileEncoding = 4; lastKnownFileType = sourcecode.c.h; path = NilFileSystem.h; sourceTree = "<group>"; };
		52BA28ED16D95115006DAC61 /* RsDosFileSystem.cpp */ = {isa = PBXFileReference; fileEncoding = 4; lastKnownFileType = sourcecode.cpp.cpp; path = RsDosFileSystem.cpp; sourceTree = "<group>"; };
		52BA28EE16D95115006DAC61 /* RsDosFileSystem.h */ = {isa = PBXFileReference; fileEncoding = 4; lastKnownFileType = sourcecode.c.h; path = RsDosFileSystem.h; sourceTree = "<group>"; };
		52BA28F816D9512F006DAC61 /* JCConversionUtils.h */ = {isa = PBXFileReference; fileEncoding = 4; lastKnownFileType = sourcecode.c.h; path = JCConversionUtils.h; sourceTree = "<group>"; };
		52BA28F916D9512F006DAC61 /* JCFileSystemDelegate.h */ = {isa = PBXFileReference; fileEncoding = 4; lastKnownFileType = sourcecode.c.h; path = JCFileSystemDelegate.h; sourceTree = "<group>"; };
		52BA28FA16D9512F006DAC61 /* JCFileSystemDelegate.mm */ = {isa = PBXFileReference; fileEncoding = 4; lastKnownFileType = sourcecode.cpp.objcpp; path = JCFileSystemDelegate.mm; sourceTree = "<group>"; };
		52BA28FF16D95142006DAC61 /* ExceptionTest.h */ = {isa = PBXFileReference; fileEncoding = 4; lastKnownFileType = sourcecode.c.h; path = ExceptionTest.h; sourceTree = "<group>"; };
		52BA290016D95142006DAC61 /* ExceptionTest.mm */ = {isa = PBXFileReference; fileEncoding = 4; lastKnownFileType = sourcecode.cpp.objcpp; path = ExceptionTest.mm; sourceTree = "<group>"; };
		52BA291F16D95506006DAC61 /* OSXFUSE.framework */ = {isa = PBXFileReference; lastKnownFileType = wrapper.framework; path = OSXFUSE.framework; sourceTree = "<group>"; };
		52C7FE15171DF9DF0027B454 /* MockDiskImage.h */ = {isa = PBXFileReference; fileEncoding = 4; lastKnownFileType = sourcecode.c.h; path = MockDiskImage.h; sourceTree = "<group>"; };
		52C7FE1B171DFD890027B454 /* Breakout.dsk */ = {isa = PBXFileReference; explicitFileType = archive.rsrc; name = Breakout.dsk; path = Resources/Breakout.dsk; sourceTree = "<group>"; };
		52C7FE1C171DFD890027B454 /* SGU5.dsk */ = {isa = PBXFileReference; explicitFileType = archive.rsrc; fileEncoding = 4; name = SGU5.dsk; path = Resources/SGU5.dsk; sourceTree = "<group>"; };
		52F0CD2F171AC741002FF6EB /* MockFileSystem.h */ = {isa = PBXFileReference; fileEncoding = 4; lastKnownFileType = sourcecode.c.h; path = MockFileSystem.h; sourceTree = "<group>"; };
		52F396CA168E5A5600E2BE13 /* CoCoDiskMounter.app */ = {isa = PBXFileReference; explicitFileType = wrapper.application; includeInIndex = 0; path = CoCoDiskMounter.app; sourceTree = BUILT_PRODUCTS_DIR; };
		52F396CE168E5A5600E2BE13 /* Cocoa.framework */ = {isa = PBXFileReference; lastKnownFileType = wrapper.framework; name = Cocoa.framework; path = System/Library/Frameworks/Cocoa.framework; sourceTree = SDKROOT; };
		52F396D1168E5A5600E2BE13 /* AppKit.framework */ = {isa = PBXFileReference; lastKnownFileType = wrapper.framework; name = AppKit.framework; path = System/Library/Frameworks/AppKit.framework; sourceTree = SDKROOT; };
		52F396D3168E5A5600E2BE13 /* Foundation.framework */ = {isa = PBXFileReference; lastKnownFileType = wrapper.framework; name = Foundation.framework; path = System/Library/Frameworks/Foundation.framework; sourceTree = SDKROOT; };
		52F396D6168E5A5700E2BE13 /* CoCo Disk Mounter-Info.plist */ = {isa = PBXFileReference; lastKnownFileType = text.plist.xml; path = "CoCo Disk Mounter-Info.plist"; sourceTree = "<group>"; };
		52F396D8168E5A5700E2BE13 /* en */ = {isa = PBXFileReference; lastKnownFileType = text.plist.strings; name = en; path = en.lproj/InfoPlist.strings; sourceTree = "<group>"; };
		52F396DA168E5A5700E2BE13 /* main.m */ = {isa = PBXFileReference; lastKnownFileType = sourcecode.c.objc; path = main.m; sourceTree = "<group>"; };
		52F396DC168E5A5700E2BE13 /* CoCo Disk Mounter-Prefix.pch */ = {isa = PBXFileReference; lastKnownFileType = sourcecode.c.h; path = "CoCo Disk Mounter-Prefix.pch"; sourceTree = "<group>"; };
		52F396DE168E5A5700E2BE13 /* en */ = {isa = PBXFileReference; lastKnownFileType = text.rtf; name = en; path = en.lproj/Credits.rtf; sourceTree = "<group>"; };
		52F396EC168E5A5700E2BE13 /* SenTestingKit.framework */ = {isa = PBXFileReference; lastKnownFileType = wrapper.framework; name = SenTestingKit.framework; path = Library/Frameworks/SenTestingKit.framework; sourceTree = DEVELOPER_DIR; };
/* End PBXFileReference section */

/* Begin PBXFrameworksBuildPhase section */
		52BA28BD16D94C19006DAC61 /* Frameworks */ = {
			isa = PBXFrameworksBuildPhase;
			buildActionMask = 2147483647;
			files = (
				52BA28C216D94C1A006DAC61 /* SenTestingKit.framework in Frameworks */,
				52BA28C316D94C1A006DAC61 /* Cocoa.framework in Frameworks */,
				52BA292116D95506006DAC61 /* OSXFUSE.framework in Frameworks */,
				52EEF1A1171238AB00FA8099 /* AppKit.framework in Frameworks */,
				5213495B16E216E80084AD76 /* OCMock.framework in Frameworks */,
				52EEF1A2171238B300FA8099 /* Foundation.framework in Frameworks */,
				5219FD28171B6B89000DDB31 /* libgmock_main.a in Frameworks */,
				5219FD29171B6B89000DDB31 /* libgmock.a in Frameworks */,
				5219FD2C171B6BAA000DDB31 /* libgtest_main.a in Frameworks */,
				5219FD2D171B6BAA000DDB31 /* libgtest.a in Frameworks */,
				5219FD32171B6C00000DDB31 /* libgtest_main.0.dylib in Frameworks */,
				5219FD33171B6C00000DDB31 /* libgtest_main.dylib in Frameworks */,
				5219FD34171B6C00000DDB31 /* libgtest.0.dylib in Frameworks */,
				5219FD35171B6C00000DDB31 /* libgtest.dylib in Frameworks */,
				5219FD3A171B6C26000DDB31 /* libgmock_main.0.dylib in Frameworks */,
				5219FD3B171B6C26000DDB31 /* libgmock_main.dylib in Frameworks */,
				5219FD3C171B6C26000DDB31 /* libgmock.0.dylib in Frameworks */,
				5219FD3D171B6C26000DDB31 /* libgmock.dylib in Frameworks */,
			);
			runOnlyForDeploymentPostprocessing = 0;
		};
		52F396C7168E5A5600E2BE13 /* Frameworks */ = {
			isa = PBXFrameworksBuildPhase;
			buildActionMask = 2147483647;
			files = (
				52EEF1A8171238F800FA8099 /* Foundation.framework in Frameworks */,
				52EEF1A7171238F500FA8099 /* AppKit.framework in Frameworks */,
				52F396CF168E5A5600E2BE13 /* Cocoa.framework in Frameworks */,
				52BA292016D95506006DAC61 /* OSXFUSE.framework in Frameworks */,
			);
			runOnlyForDeploymentPostprocessing = 0;
		};
/* End PBXFrameworksBuildPhase section */

/* Begin PBXGroup section */
		5219FD46171B6EB6000DDB31 /* Helpers */ = {
			isa = PBXGroup;
			children = (
				5219FD47171B6EE7000DDB31 /* GmockInitializer.cpp */,
				5219FD48171B6EE7000DDB31 /* GmockInitializer.h */,
			);
			name = Helpers;
			sourceTree = "<group>";
		};
		5231DB2C16DABE29007CDB63 /* Delegate */ = {
			isa = PBXGroup;
			children = (
				5231DB2916DABD97007CDB63 /* JCErrorTest.h */,
				5231DB2A16DABD97007CDB63 /* JCErrorTest.mm */,
				5231DB3116DAC096007CDB63 /* JCConversionUtilsTest.h */,
				5231DB3216DAC096007CDB63 /* JCConversionUtilsTest.mm */,
				52A5852116DB8A79006E7380 /* JCFileSystemDelegateTest.h */,
				52A5852216DB8A79006E7380 /* JCFileSystemDelegateTest.mm */,
			);
			name = Delegate;
			sourceTree = "<group>";
		};
		52BA28C416D94C1A006DAC61 /* CoCo Disk Mounter Test */ = {
			isa = PBXGroup;
			children = (
				52C7FE16171DFC5C0027B454 /* Resources */,
				5219FD46171B6EB6000DDB31 /* Helpers */,
				5231DB2C16DABE29007CDB63 /* Delegate */,
				52BA28C516D94C1A006DAC61 /* Supporting Files */,
				52BA28FC16D95142006DAC61 /* Model */,
			);
			path = "CoCo Disk Mounter Test";
			sourceTree = "<group>";
		};
		52BA28C516D94C1A006DAC61 /* Supporting Files */ = {
			isa = PBXGroup;
			children = (
				52BA28C616D94C1A006DAC61 /* CoCo Disk Mounter Test-Info.plist */,
				52BA28C716D94C1A006DAC61 /* InfoPlist.strings */,
				52BA28CD16D94C1A006DAC61 /* CoCo Disk Mounter Test-Prefix.pch */,
			);
			name = "Supporting Files";
			sourceTree = "<group>";
		};
		52BA28DE16D95115006DAC61 /* Model */ = {
			isa = PBXGroup;
			children = (
				52BA28DF16D95115006DAC61 /* DiskImage.h */,
				52BA28E016D95115006DAC61 /* Exception.h */,
				52BA28E116D95115006DAC61 /* FileSystem.cpp */,
				52BA28E216D95115006DAC61 /* FileSystem.h */,
				52BA28E316D95115006DAC61 /* IFileSystem.cpp */,
				52BA28E416D95115006DAC61 /* IFileSystem.h */,
				52BA28E916D95115006DAC61 /* JVCDiskImage.cpp */,
				52BA28EA16D95115006DAC61 /* JVCDiskImage.h */,
				52BA28EB16D95115006DAC61 /* NilFileSystem.cpp */,
				52BA28EC16D95115006DAC61 /* NilFileSystem.h */,
				52BA28ED16D95115006DAC61 /* RsDosFileSystem.cpp */,
				52BA28EE16D95115006DAC61 /* RsDosFileSystem.h */,
			);
			path = Model;
			sourceTree = "<group>";
		};
		52BA28F616D9512F006DAC61 /* Controller */ = {
			isa = PBXGroup;
			children = (
			);
			path = Controller;
			sourceTree = "<group>";
		};
		52BA28F716D9512F006DAC61 /* Delegate */ = {
			isa = PBXGroup;
			children = (
				5231DB3716DAD17A007CDB63 /* JCAppDelegate.h */,
				5231DB3816DAD17A007CDB63 /* JCAppDelegate.mm */,
				5231DB2D16DABFB4007CDB63 /* JCError.h */,
				5231DB2E16DABFB4007CDB63 /* JCError.m */,
				52BA28F816D9512F006DAC61 /* JCConversionUtils.h */,
				52BA28F916D9512F006DAC61 /* JCFileSystemDelegate.h */,
				52BA28FA16D9512F006DAC61 /* JCFileSystemDelegate.mm */,
			);
			path = Delegate;
			sourceTree = "<group>";
		};
		52BA28FC16D95142006DAC61 /* Model */ = {
			isa = PBXGroup;
			children = (
				52F0CD2F171AC741002FF6EB /* MockFileSystem.h */,
				52BA28FF16D95142006DAC61 /* ExceptionTest.h */,
				52BA290016D95142006DAC61 /* ExceptionTest.mm */,
				5231DB3416DACDE6007CDB63 /* NilFileSystemTest.h */,
				5231DB3516DACDE6007CDB63 /* NilFileSystemTest.mm */,
				52C7FE15171DF9DF0027B454 /* MockDiskImage.h */,
			);
			path = Model;
			sourceTree = "<group>";
		};
		52C7FE16171DFC5C0027B454 /* Resources */ = {
			isa = PBXGroup;
			children = (
				52C7FE1B171DFD890027B454 /* Breakout.dsk */,
				52C7FE1C171DFD890027B454 /* SGU5.dsk */,
			);
			name = Resources;
			sourceTree = "<group>";
		};
		52F396BF168E5A5600E2BE13 = {
			isa = PBXGroup;
			children = (
				52F396D4168E5A5600E2BE13 /* CoCo Disk Mounter */,
				52BA28C416D94C1A006DAC61 /* CoCo Disk Mounter Test */,
				52F396CD168E5A5600E2BE13 /* Frameworks */,
				52F396CB168E5A5600E2BE13 /* Products */,
				5231DB3E16DADA83007CDB63 /* README */,
			);
			sourceTree = "<group>";
		};
		52F396CB168E5A5600E2BE13 /* Products */ = {
			isa = PBXGroup;
			children = (
				52F396CA168E5A5600E2BE13 /* CoCoDiskMounter.app */,
				52BA28C116D94C1A006DAC61 /* CoCoDiskMounterTest.octest */,
			);
			name = Products;
			sourceTree = "<group>";
		};
		52F396CD168E5A5600E2BE13 /* Frameworks */ = {
			isa = PBXGroup;
			children = (
				5219FD36171B6C26000DDB31 /* libgmock_main.0.dylib */,
				5219FD37171B6C26000DDB31 /* libgmock_main.dylib */,
				5219FD38171B6C26000DDB31 /* libgmock.0.dylib */,
				5219FD39171B6C26000DDB31 /* libgmock.dylib */,
				5219FD2E171B6C00000DDB31 /* libgtest_main.0.dylib */,
				5219FD2F171B6C00000DDB31 /* libgtest_main.dylib */,
				5219FD30171B6C00000DDB31 /* libgtest.0.dylib */,
				5219FD31171B6C00000DDB31 /* libgtest.dylib */,
				5219FD26171B6B89000DDB31 /* libgmock_main.a */,
				5219FD27171B6B89000DDB31 /* libgmock.a */,
				5219FD2A171B6BAA000DDB31 /* libgtest_main.a */,
				5219FD2B171B6BAA000DDB31 /* libgtest.a */,
				5213495A16E216E80084AD76 /* OCMock.framework */,
				52BA291F16D95506006DAC61 /* OSXFUSE.framework */,
				52F396CE168E5A5600E2BE13 /* Cocoa.framework */,
				52F396EC168E5A5700E2BE13 /* SenTestingKit.framework */,
				52F396D0168E5A5600E2BE13 /* Other Frameworks */,
			);
			name = Frameworks;
			sourceTree = "<group>";
		};
		52F396D0168E5A5600E2BE13 /* Other Frameworks */ = {
			isa = PBXGroup;
			children = (
				52F396D1168E5A5600E2BE13 /* AppKit.framework */,
				52F396D3168E5A5600E2BE13 /* Foundation.framework */,
			);
			name = "Other Frameworks";
			sourceTree = "<group>";
		};
		52F396D4168E5A5600E2BE13 /* CoCo Disk Mounter */ = {
			isa = PBXGroup;
			children = (
				52F396D5168E5A5700E2BE13 /* Supporting Files */,
				52BA28F616D9512F006DAC61 /* Controller */,
				52BA28F716D9512F006DAC61 /* Delegate */,
				52BA28DE16D95115006DAC61 /* Model */,
			);
			path = "CoCo Disk Mounter";
			sourceTree = "<group>";
		};
		52F396D5168E5A5700E2BE13 /* Supporting Files */ = {
			isa = PBXGroup;
			children = (
				5231DB3B16DAD1E5007CDB63 /* MainMenu.xib */,
				52F396D6168E5A5700E2BE13 /* CoCo Disk Mounter-Info.plist */,
				52F396D7168E5A5700E2BE13 /* InfoPlist.strings */,
				52F396DA168E5A5700E2BE13 /* main.m */,
				52F396DC168E5A5700E2BE13 /* CoCo Disk Mounter-Prefix.pch */,
				52F396DD168E5A5700E2BE13 /* Credits.rtf */,
			);
			name = "Supporting Files";
			sourceTree = "<group>";
		};
/* End PBXGroup section */

/* Begin PBXNativeTarget section */
		52BA28C016D94C19006DAC61 /* CoCoDiskMounterTest */ = {
			isa = PBXNativeTarget;
			buildConfigurationList = 52BA28CE16D94C1A006DAC61 /* Build configuration list for PBXNativeTarget "CoCoDiskMounterTest" */;
			buildPhases = (
				52BA28BC16D94C19006DAC61 /* Sources */,
				52BA28BD16D94C19006DAC61 /* Frameworks */,
				52BA28BE16D94C19006DAC61 /* Resources */,
				52EEF1B01712425E00FA8099 /* CopyFiles */,
				52BA28BF16D94C19006DAC61 /* ShellScript */,
			);
			buildRules = (
			);
			dependencies = (
			);
			name = CoCoDiskMounterTest;
			productName = "CoCo Disk Mounter Test";
			productReference = 52BA28C116D94C1A006DAC61 /* CoCoDiskMounterTest.octest */;
			productType = "com.apple.product-type.bundle";
		};
		52F396C9168E5A5600E2BE13 /* CoCoDiskMounter */ = {
			isa = PBXNativeTarget;
			buildConfigurationList = 52F396FC168E5A5800E2BE13 /* Build configuration list for PBXNativeTarget "CoCoDiskMounter" */;
			buildPhases = (
				52F396C6168E5A5600E2BE13 /* Sources */,
				52F396C7168E5A5600E2BE13 /* Frameworks */,
				52F396C8168E5A5600E2BE13 /* Resources */,
			);
			buildRules = (
			);
			dependencies = (
			);
			name = CoCoDiskMounter;
			productName = "CoCo Disk Mounter";
			productReference = 52F396CA168E5A5600E2BE13 /* CoCoDiskMounter.app */;
			productType = "com.apple.product-type.application";
		};
/* End PBXNativeTarget section */

/* Begin PBXProject section */
		52F396C1168E5A5600E2BE13 /* Project object */ = {
			isa = PBXProject;
			attributes = {
				CLASSPREFIX = JC;
				LastUpgradeCheck = 0450;
				ORGANIZATIONNAME = "Jamie Cho";
			};
			buildConfigurationList = 52F396C4168E5A5600E2BE13 /* Build configuration list for PBXProject "CoCo Disk Mounter" */;
			compatibilityVersion = "Xcode 3.2";
			developmentRegion = English;
			hasScannedForEncodings = 0;
			knownRegions = (
				en,
			);
			mainGroup = 52F396BF168E5A5600E2BE13;
			productRefGroup = 52F396CB168E5A5600E2BE13 /* Products */;
			projectDirPath = "";
			projectRoot = "";
			targets = (
				52F396C9168E5A5600E2BE13 /* CoCoDiskMounter */,
				52BA28C016D94C19006DAC61 /* CoCoDiskMounterTest */,
			);
		};
/* End PBXProject section */

/* Begin PBXResourcesBuildPhase section */
		52BA28BE16D94C19006DAC61 /* Resources */ = {
			isa = PBXResourcesBuildPhase;
			buildActionMask = 2147483647;
			files = (
				52BA28C916D94C1A006DAC61 /* InfoPlist.strings in Resources */,
				52C7FE1D171DFD890027B454 /* Breakout.dsk in Resources */,
				52C7FE1E171DFD890027B454 /* SGU5.dsk in Resources */,
			);
			runOnlyForDeploymentPostprocessing = 0;
		};
		52F396C8168E5A5600E2BE13 /* Resources */ = {
			isa = PBXResourcesBuildPhase;
			buildActionMask = 2147483647;
			files = (
				52F396D9168E5A5700E2BE13 /* InfoPlist.strings in Resources */,
				52F396DF168E5A5700E2BE13 /* Credits.rtf in Resources */,
				5231DB3D16DAD1E6007CDB63 /* MainMenu.xib in Resources */,
				5231DB3F16DADA84007CDB63 /* README in Resources */,
			);
			runOnlyForDeploymentPostprocessing = 0;
		};
/* End PBXResourcesBuildPhase section */

/* Begin PBXShellScriptBuildPhase section */
		52BA28BF16D94C19006DAC61 /* ShellScript */ = {
			isa = PBXShellScriptBuildPhase;
			buildActionMask = 2147483647;
			files = (
			);
			inputPaths = (
			);
			outputPaths = (
			);
			runOnlyForDeploymentPostprocessing = 0;
			shellPath = /bin/sh;
			shellScript = "# Run the unit tests in this test bundle.\n\"${SYSTEM_DEVELOPER_DIR}/Tools/RunUnitTests\"\n";
		};
/* End PBXShellScriptBuildPhase section */

/* Begin PBXSourcesBuildPhase section */
		52BA28BC16D94C19006DAC61 /* Sources */ = {
			isa = PBXSourcesBuildPhase;
			buildActionMask = 2147483647;
			files = (
				52BA28EF16D95115006DAC61 /* FileSystem.cpp in Sources */,
				52BA28F016D95115006DAC61 /* IFileSystem.cpp in Sources */,
				52BA28F316D95115006DAC61 /* JVCDiskImage.cpp in Sources */,
				52BA28F416D95115006DAC61 /* NilFileSystem.cpp in Sources */,
				52BA28F516D95115006DAC61 /* RsDosFileSystem.cpp in Sources */,
				52BA290216D95142006DAC61 /* ExceptionTest.mm in Sources */,
				52BA292216D95609006DAC61 /* JCFileSystemDelegate.mm in Sources */,
				5231DB2B16DABD97007CDB63 /* JCErrorTest.mm in Sources */,
				5231DB3016DAC021007CDB63 /* JCError.m in Sources */,
				5231DB3316DAC096007CDB63 /* JCConversionUtilsTest.mm in Sources */,
				5231DB3616DACDE6007CDB63 /* NilFileSystemTest.mm in Sources */,
				5231DB3A16DAD184007CDB63 /* JCAppDelegate.mm in Sources */,
				52EEF19B17122D8400FA8099 /* JCFileSystemDelegateTest.mm in Sources */,
				5219FD49171B6EE7000DDB31 /* GmockInitializer.cpp in Sources */,
			);
			runOnlyForDeploymentPostprocessing = 0;
		};
		52F396C6168E5A5600E2BE13 /* Sources */ = {
			isa = PBXSourcesBuildPhase;
			buildActionMask = 2147483647;
			files = (
				52BA290516D951A2006DAC61 /* FileSystem.cpp in Sources */,
				52BA290716D951A2006DAC61 /* IFileSystem.cpp in Sources */,
				52BA290D16D951A2006DAC61 /* JVCDiskImage.cpp in Sources */,
				52BA290F16D951A2006DAC61 /* NilFileSystem.cpp in Sources */,
				52BA291116D951A2006DAC61 /* RsDosFileSystem.cpp in Sources */,
				52F396DB168E5A5700E2BE13 /* main.m in Sources */,
				52BA28FB16D9512F006DAC61 /* JCFileSystemDelegate.mm in Sources */,
				5231DB2F16DABFB4007CDB63 /* JCError.m in Sources */,
				5231DB3916DAD17A007CDB63 /* JCAppDelegate.mm in Sources */,
			);
			runOnlyForDeploymentPostprocessing = 0;
		};
/* End PBXSourcesBuildPhase section */

/* Begin PBXVariantGroup section */
		5231DB3B16DAD1E5007CDB63 /* MainMenu.xib */ = {
			isa = PBXVariantGroup;
			children = (
				5231DB3C16DAD1E6007CDB63 /* en */,
			);
			name = MainMenu.xib;
			sourceTree = "<group>";
		};
		52BA28C716D94C1A006DAC61 /* InfoPlist.strings */ = {
			isa = PBXVariantGroup;
			children = (
				52BA28C816D94C1A006DAC61 /* en */,
			);
			name = InfoPlist.strings;
			sourceTree = "<group>";
		};
		52F396D7168E5A5700E2BE13 /* InfoPlist.strings */ = {
			isa = PBXVariantGroup;
			children = (
				52F396D8168E5A5700E2BE13 /* en */,
			);
			name = InfoPlist.strings;
			sourceTree = "<group>";
		};
		52F396DD168E5A5700E2BE13 /* Credits.rtf */ = {
			isa = PBXVariantGroup;
			children = (
				52F396DE168E5A5700E2BE13 /* en */,
			);
			name = Credits.rtf;
			sourceTree = "<group>";
		};
/* End PBXVariantGroup section */

/* Begin XCBuildConfiguration section */
		52BA28CF16D94C1A006DAC61 /* Debug */ = {
			isa = XCBuildConfiguration;
			buildSettings = {
				ALWAYS_SEARCH_USER_PATHS = YES;
				CLANG_WARN_CONSTANT_CONVERSION = YES;
				CLANG_WARN_ENUM_CONVERSION = YES;
				CLANG_WARN_INT_CONVERSION = YES;
				COMBINE_HIDPI_IMAGES = YES;
				FRAMEWORK_SEARCH_PATHS = (
					"\"$(DEVELOPER_LIBRARY_DIR)/Frameworks\"",
					"\"$(SRCROOT)\"",
				);
				GCC_PRECOMPILE_PREFIX_HEADER = YES;
				GCC_PREFIX_HEADER = "CoCo Disk Mounter Test/CoCo Disk Mounter Test-Prefix.pch";
				HEADER_SEARCH_PATHS = (
					.,
					"\"$(SRCROOT)/gmock/include\"",
					"\"$(SRCROOT)/gmock/gtest/include\"",
				);
				INFOPLIST_FILE = "CoCo Disk Mounter Test/CoCo Disk Mounter Test-Info.plist";
				LIBRARY_SEARCH_PATHS = (
					"$(inherited)",
					"\"$(SRCROOT)/gmock/gtest/lib/.libs\"",
					"\"$(SRCROOT)/gmock/lib/.libs\"",
				);
				PRODUCT_NAME = "$(TARGET_NAME)";
				USER_HEADER_SEARCH_PATHS = "";
				VALID_ARCHS = x86_64;
				WRAPPER_EXTENSION = octest;
			};
			name = Debug;
		};
		52BA28D016D94C1A006DAC61 /* Release */ = {
			isa = XCBuildConfiguration;
			buildSettings = {
				ALWAYS_SEARCH_USER_PATHS = YES;
				CLANG_WARN_CONSTANT_CONVERSION = YES;
				CLANG_WARN_ENUM_CONVERSION = YES;
				CLANG_WARN_INT_CONVERSION = YES;
				COMBINE_HIDPI_IMAGES = YES;
				FRAMEWORK_SEARCH_PATHS = (
					"\"$(DEVELOPER_LIBRARY_DIR)/Frameworks\"",
					"\"$(SRCROOT)\"",
				);
				GCC_PRECOMPILE_PREFIX_HEADER = YES;
				GCC_PREFIX_HEADER = "CoCo Disk Mounter Test/CoCo Disk Mounter Test-Prefix.pch";
				GCC_PREPROCESSOR_DEFINITIONS = "";
				HEADER_SEARCH_PATHS = (
					.,
					"\"$(SRCROOT)/gmock/include\"",
					"\"$(SRCROOT)/gmock/gtest/include\"",
				);
				INFOPLIST_FILE = "CoCo Disk Mounter Test/CoCo Disk Mounter Test-Info.plist";
				LIBRARY_SEARCH_PATHS = (
					"$(inherited)",
					"\"$(SRCROOT)/gmock/gtest/lib/.libs\"",
					"\"$(SRCROOT)/gmock/lib/.libs\"",
				);
				PRODUCT_NAME = "$(TARGET_NAME)";
				USER_HEADER_SEARCH_PATHS = "";
				VALID_ARCHS = x86_64;
				WRAPPER_EXTENSION = octest;
			};
			name = Release;
		};
		52F396FA168E5A5800E2BE13 /* Debug */ = {
			isa = XCBuildConfiguration;
			buildSettings = {
				ALWAYS_SEARCH_USER_PATHS = YES;
				ARCHS = "$(ARCHS_STANDARD_64_BIT)";
				CLANG_CXX_LANGUAGE_STANDARD = "gnu++0x";
				CLANG_CXX_LIBRARY = "libc++";
				CLANG_ENABLE_OBJC_ARC = NO;
				CLANG_WARN_EMPTY_BODY = YES;
				CLANG_WARN__DUPLICATE_METHOD_MATCH = YES;
				COPY_PHASE_STRIP = NO;
				GCC_C_LANGUAGE_STANDARD = gnu99;
				GCC_DYNAMIC_NO_PIC = NO;
				GCC_ENABLE_OBJC_EXCEPTIONS = YES;
				GCC_OPTIMIZATION_LEVEL = 0;
				GCC_PREPROCESSOR_DEFINITIONS = (
					"DEBUG=1",
					"$(inherited)",
				);
				GCC_SYMBOLS_PRIVATE_EXTERN = NO;
				GCC_WARN_64_TO_32_BIT_CONVERSION = YES;
				GCC_WARN_ABOUT_RETURN_TYPE = YES;
				GCC_WARN_UNINITIALIZED_AUTOS = YES;
				GCC_WARN_UNUSED_VARIABLE = YES;
				HEADER_SEARCH_PATHS = .;
				MACOSX_DEPLOYMENT_TARGET = 10.8;
				ONLY_ACTIVE_ARCH = YES;
				SDKROOT = macosx;
				VALID_ARCHS = x86_64;
			};
			name = Debug;
		};
		52F396FB168E5A5800E2BE13 /* Release */ = {
			isa = XCBuildConfiguration;
			buildSettings = {
				ALWAYS_SEARCH_USER_PATHS = YES;
				ARCHS = "$(ARCHS_STANDARD_64_BIT)";
				CLANG_CXX_LANGUAGE_STANDARD = "gnu++0x";
				CLANG_CXX_LIBRARY = "libc++";
				CLANG_ENABLE_OBJC_ARC = NO;
				CLANG_WARN_EMPTY_BODY = YES;
				CLANG_WARN__DUPLICATE_METHOD_MATCH = YES;
				COPY_PHASE_STRIP = YES;
				DEBUG_INFORMATION_FORMAT = "dwarf-with-dsym";
				GCC_C_LANGUAGE_STANDARD = gnu99;
				GCC_ENABLE_OBJC_EXCEPTIONS = YES;
				GCC_PREPROCESSOR_DEFINITIONS = "";
				GCC_WARN_64_TO_32_BIT_CONVERSION = YES;
				GCC_WARN_ABOUT_RETURN_TYPE = YES;
				GCC_WARN_UNINITIALIZED_AUTOS = YES;
				GCC_WARN_UNUSED_VARIABLE = YES;
				HEADER_SEARCH_PATHS = .;
				MACOSX_DEPLOYMENT_TARGET = 10.8;
				SDKROOT = macosx;
				VALID_ARCHS = x86_64;
			};
			name = Release;
		};
		52F396FD168E5A5800E2BE13 /* Debug */ = {
			isa = XCBuildConfiguration;
			buildSettings = {
				ALWAYS_SEARCH_USER_PATHS = YES;
				CLANG_ENABLE_OBJC_ARC = NO;
				COMBINE_HIDPI_IMAGES = YES;
				FRAMEWORK_SEARCH_PATHS = (
					/Library/Frameworks,
					"\"$(SRCROOT)\"",
				);
				GCC_PRECOMPILE_PREFIX_HEADER = YES;
				GCC_PREFIX_HEADER = "CoCo Disk Mounter/CoCo Disk Mounter-Prefix.pch";
				HEADER_SEARCH_PATHS = "";
				INFOPLIST_FILE = "CoCo Disk Mounter/CoCo Disk Mounter-Info.plist";
				LIBRARY_SEARCH_PATHS = (
					"$(inherited)",
					"\"$(SRCROOT)/gmock/lib/.libs\"",
					"\"$(SRCROOT)/gmock/gtest/lib/.libs\"",
				);
				PRODUCT_NAME = "$(TARGET_NAME)";
				SCAN_ALL_SOURCE_FILES_FOR_INCLUDES = NO;
				WRAPPER_EXTENSION = app;
			};
			name = Debug;
		};
		52F396FE168E5A5800E2BE13 /* Release */ = {
			isa = XCBuildConfiguration;
			buildSettings = {
				ALWAYS_SEARCH_USER_PATHS = YES;
				CLANG_ENABLE_OBJC_ARC = NO;
				COMBINE_HIDPI_IMAGES = YES;
				FRAMEWORK_SEARCH_PATHS = (
					/Library/Frameworks,
					"\"$(SRCROOT)\"",
				);
				GCC_PRECOMPILE_PREFIX_HEADER = YES;
				GCC_PREFIX_HEADER = "CoCo Disk Mounter/CoCo Disk Mounter-Prefix.pch";
				INFOPLIST_FILE = "CoCo Disk Mounter/CoCo Disk Mounter-Info.plist";
				LIBRARY_SEARCH_PATHS = (
					"$(inherited)",
					"\"$(SRCROOT)/gmock/lib/.libs\"",
					"\"$(SRCROOT)/gmock/gtest/lib/.libs\"",
				);
				PRODUCT_NAME = "$(TARGET_NAME)";
				SCAN_ALL_SOURCE_FILES_FOR_INCLUDES = NO;
				WRAPPER_EXTENSION = app;
			};
			name = Release;
		};
/* End XCBuildConfiguration section */

/* Begin XCConfigurationList section */
		52BA28CE16D94C1A006DAC61 /* Build configuration list for PBXNativeTarget "CoCoDiskMounterTest" */ = {
			isa = XCConfigurationList;
			buildConfigurations = (
				52BA28CF16D94C1A006DAC61 /* Debug */,
				52BA28D016D94C1A006DAC61 /* Release */,
			);
			defaultConfigurationIsVisible = 0;
			defaultConfigurationName = Release;
		};
		52F396C4168E5A5600E2BE13 /* Build configuration list for PBXProject "CoCo Disk Mounter" */ = {
			isa = XCConfigurationList;
			buildConfigurations = (
				52F396FA168E5A5800E2BE13 /* Debug */,
				52F396FB168E5A5800E2BE13 /* Release */,
			);
			defaultConfigurationIsVisible = 0;
			defaultConfigurationName = Release;
		};
		52F396FC168E5A5800E2BE13 /* Build configuration list for PBXNativeTarget "CoCoDiskMounter" */ = {
			isa = XCConfigurationList;
			buildConfigurations = (
				52F396FD168E5A5800E2BE13 /* Debug */,
				52F396FE168E5A5800E2BE13 /* Release */,
			);
			defaultConfigurationIsVisible = 0;
			defaultConfigurationName = Release;
		};
/* End XCConfigurationList section */
	};
	rootObject = 52F396C1168E5A5600E2BE13 /* Project object */;
}
